
Microsoft Visual Studio Solution File, Format Version 12.00
# Visual Studio Version 17
VisualStudioVersion = 17.4.33213.308
MinimumVisualStudioVersion = 10.0.40219.1
Project("{FAE04EC0-301F-11D3-BF4B-00C04F79EFBC}") = "Mood_Analyser", "Mood_Analyser.csproj", "{C9435A96-6549-417F-AFF6-1E8CE293A604}"
EndProject
Project("{FAE04EC0-301F-11D3-BF4B-00C04F79EFBC}") = "TestProject1", "..\TestProject1\TestProject1.csproj", "{486C0053-9F49-405F-A516-D091744E6D66}"
EndProject
Global
	GlobalSection(SolutionConfigurationPlatforms) = preSolution
		Debug|Any CPU = Debug|Any CPU
		Release|Any CPU = Release|Any CPU
	EndGlobalSection
	GlobalSection(ProjectConfigurationPlatforms) = postSolution
		{C9435A96-6549-417F-AFF6-1E8CE293A604}.Debug|Any CPU.ActiveCfg = Debug|Any CPU
		{C9435A96-6549-417F-AFF6-1E8CE293A604}.Debug|Any CPU.Build.0 = Debug|Any CPU
		{C9435A96-6549-417F-AFF6-1E8CE293A604}.Release|Any CPU.ActiveCfg = Release|Any CPU
		{C9435A96-6549-417F-AFF6-1E8CE293A604}.Release|Any CPU.Build.0 = Release|Any CPU
		{486C0053-9F49-405F-A516-D091744E6D66}.Debug|Any CPU.ActiveCfg = Debug|Any CPU
		{486C0053-9F49-405F-A516-D091744E6D66}.Debug|Any CPU.Build.0 = Debug|Any CPU
		{486C0053-9F49-405F-A516-D091744E6D66}.Release|Any CPU.ActiveCfg = Release|Any CPU
		{486C0053-9F49-405F-A516-D091744E6D66}.Release|Any CPU.Build.0 = Release|Any CPU
	EndGlobalSection
	GlobalSection(SolutionProperties) = preSolution
		HideSolutionNode = FALSE
	EndGlobalSection
	GlobalSection(ExtensibilityGlobals) = postSolution
		SolutionGuid = {87769D2C-5888-49E0-B0E7-491F117B833A}
	EndGlobalSection
EndGlobal
